
Microsoft Visual Studio Solution File, Format Version 12.00
# Visual Studio Version 17
VisualStudioVersion = 17.12.35527.113 d17.12
MinimumVisualStudioVersion = 10.0.40219.1
Project("{FAE04EC0-301F-11D3-BF4B-00C04F79EFBC}") = "NGK.Pract.CICD", "NGK.Pract.CICD\NGK.Pract.CICD.csproj", "{02332CA6-D5A1-46D7-AEB8-37A6DA534D5A}"
EndProject
Global
	GlobalSection(SolutionConfigurationPlatforms) = preSolution
		Debug|Any CPU = Debug|Any CPU
		Release|Any CPU = Release|Any CPU
	EndGlobalSection
	GlobalSection(ProjectConfigurationPlatforms) = postSolution
		{02332CA6-D5A1-46D7-AEB8-37A6DA534D5A}.Debug|Any CPU.ActiveCfg = Debug|Any CPU
		{02332CA6-D5A1-46D7-AEB8-37A6DA534D5A}.Debug|Any CPU.Build.0 = Debug|Any CPU
		{02332CA6-D5A1-46D7-AEB8-37A6DA534D5A}.Release|Any CPU.ActiveCfg = Release|Any CPU
		{02332CA6-D5A1-46D7-AEB8-37A6DA534D5A}.Release|Any CPU.Build.0 = Release|Any CPU
	EndGlobalSection
	GlobalSection(SolutionProperties) = preSolution
		HideSolutionNode = FALSE
	EndGlobalSection
EndGlobal
